
Microsoft Visual Studio Solution File, Format Version 12.00
# Visual Studio Version 17
VisualStudioVersion = 17.5.33414.496
MinimumVisualStudioVersion = 10.0.40219.1
Project("{FAE04EC0-301F-11D3-BF4B-00C04F79EFBC}") = "ProducerConsumerConsoleApp", "ProducerConsumerConsoleApp\ProducerConsumerConsoleApp.csproj", "{448A5F88-4D78-4B49-B902-67E57F7807F0}"
EndProject
Global
	GlobalSection(SolutionConfigurationPlatforms) = preSolution
		Debug|Any CPU = Debug|Any CPU
		Release|Any CPU = Release|Any CPU
	EndGlobalSection
	GlobalSection(ProjectConfigurationPlatforms) = postSolution
		{448A5F88-4D78-4B49-B902-67E57F7807F0}.Debug|Any CPU.ActiveCfg = Debug|Any CPU
		{448A5F88-4D78-4B49-B902-67E57F7807F0}.Debug|Any CPU.Build.0 = Debug|Any CPU
		{448A5F88-4D78-4B49-B902-67E57F7807F0}.Release|Any CPU.ActiveCfg = Release|Any CPU
		{448A5F88-4D78-4B49-B902-67E57F7807F0}.Release|Any CPU.Build.0 = Release|Any CPU
	EndGlobalSection
	GlobalSection(SolutionProperties) = preSolution
		HideSolutionNode = FALSE
	EndGlobalSection
	GlobalSection(ExtensibilityGlobals) = postSolution
		SolutionGuid = {90E2B9FA-3080-4858-B841-34092C8C0062}
	EndGlobalSection
EndGlobal
