
Microsoft Visual Studio Solution File, Format Version 12.00
# Visual Studio Version 17
VisualStudioVersion = 17.5.33414.496
MinimumVisualStudioVersion = 10.0.40219.1
Project("{FAE04EC0-301F-11D3-BF4B-00C04F79EFBC}") = "TaskExample", "TaskExample\TaskExample.csproj", "{C0F75BC6-2873-4E38-B673-E4FE09657201}"
EndProject
Global
	GlobalSection(SolutionConfigurationPlatforms) = preSolution
		Debug|Any CPU = Debug|Any CPU
		Release|Any CPU = Release|Any CPU
	EndGlobalSection
	GlobalSection(ProjectConfigurationPlatforms) = postSolution
		{C0F75BC6-2873-4E38-B673-E4FE09657201}.Debug|Any CPU.ActiveCfg = Debug|Any CPU
		{C0F75BC6-2873-4E38-B673-E4FE09657201}.Debug|Any CPU.Build.0 = Debug|Any CPU
		{C0F75BC6-2873-4E38-B673-E4FE09657201}.Release|Any CPU.ActiveCfg = Release|Any CPU
		{C0F75BC6-2873-4E38-B673-E4FE09657201}.Release|Any CPU.Build.0 = Release|Any CPU
	EndGlobalSection
	GlobalSection(SolutionProperties) = preSolution
		HideSolutionNode = FALSE
	EndGlobalSection
	GlobalSection(ExtensibilityGlobals) = postSolution
		SolutionGuid = {5E155E25-95A7-4A50-8C70-C8DC1583CE04}
	EndGlobalSection
EndGlobal
