
Microsoft Visual Studio Solution File, Format Version 12.00
# Visual Studio Version 17
VisualStudioVersion = 17.5.33414.496
MinimumVisualStudioVersion = 10.0.40219.1
Project("{9A19103F-16F7-4668-BE54-9A1E7A4F7556}") = "BreakingCodeWithSingleMainThread", "BreakingCodeWithSingleMainThread\BreakingCodeWithSingleMainThread.csproj", "{142F398E-C6A7-438F-A050-F968DEB3A338}"
EndProject
Global
	GlobalSection(SolutionConfigurationPlatforms) = preSolution
		Debug|Any CPU = Debug|Any CPU
		Release|Any CPU = Release|Any CPU
	EndGlobalSection
	GlobalSection(ProjectConfigurationPlatforms) = postSolution
		{142F398E-C6A7-438F-A050-F968DEB3A338}.Debug|Any CPU.ActiveCfg = Debug|Any CPU
		{142F398E-C6A7-438F-A050-F968DEB3A338}.Debug|Any CPU.Build.0 = Debug|Any CPU
		{142F398E-C6A7-438F-A050-F968DEB3A338}.Release|Any CPU.ActiveCfg = Release|Any CPU
		{142F398E-C6A7-438F-A050-F968DEB3A338}.Release|Any CPU.Build.0 = Release|Any CPU
	EndGlobalSection
	GlobalSection(SolutionProperties) = preSolution
		HideSolutionNode = FALSE
	EndGlobalSection
	GlobalSection(ExtensibilityGlobals) = postSolution
		SolutionGuid = {6C39B506-6DED-4C9A-A3C1-523DD0BA5F48}
	EndGlobalSection
EndGlobal
